
Microsoft Visual Studio Solution File, Format Version 12.00
# Visual Studio Version 17
VisualStudioVersion = 17.7.34031.279
MinimumVisualStudioVersion = 10.0.40219.1
Project("{FAE04EC0-301F-11D3-BF4B-00C04F79EFBC}") = "MS_ProyectoDF", "MS_ProyectoDF.csproj", "{4FD7A864-78BE-4DB5-A504-C1162E0E4C2D}"
EndProject
Global
	GlobalSection(SolutionConfigurationPlatforms) = preSolution
		Debug|Any CPU = Debug|Any CPU
		Release|Any CPU = Release|Any CPU
	EndGlobalSection
	GlobalSection(ProjectConfigurationPlatforms) = postSolution
		{4FD7A864-78BE-4DB5-A504-C1162E0E4C2D}.Debug|Any CPU.ActiveCfg = Debug|Any CPU
		{4FD7A864-78BE-4DB5-A504-C1162E0E4C2D}.Debug|Any CPU.Build.0 = Debug|Any CPU
		{4FD7A864-78BE-4DB5-A504-C1162E0E4C2D}.Release|Any CPU.ActiveCfg = Release|Any CPU
		{4FD7A864-78BE-4DB5-A504-C1162E0E4C2D}.Release|Any CPU.Build.0 = Release|Any CPU
	EndGlobalSection
	GlobalSection(SolutionProperties) = preSolution
		HideSolutionNode = FALSE
	EndGlobalSection
	GlobalSection(ExtensibilityGlobals) = postSolution
		SolutionGuid = {0699D9F1-2CD6-4127-A92D-DAB4EEA5F6B2}
	EndGlobalSection
EndGlobal
